
Microsoft Visual Studio Solution File, Format Version 12.00
# Visual Studio 15
VisualStudioVersion = 15.0.28010.2048
MinimumVisualStudioVersion = 10.0.40219.1
Project("{FAE04EC0-301F-11D3-BF4B-00C04F79EFBC}") = "DynamicHash_Tester", "DynamicHash_Tester\DynamicHash_Tester.csproj", "{72D335B2-A672-4348-8BA2-29173E5ADF45}"
EndProject
Project("{FAE04EC0-301F-11D3-BF4B-00C04F79EFBC}") = "DataStructures", "DataStructures\DataStructures.csproj", "{0E4F3E7A-86D0-425F-A4F7-357F841B5F29}"
EndProject
Project("{FAE04EC0-301F-11D3-BF4B-00C04F79EFBC}") = "SmestralnaPraca2", "SmestralnaPraca2\SmestralnaPraca2.csproj", "{4054199A-7DC0-4CAB-9AC2-172503BA8BA6}"
EndProject
Global
	GlobalSection(SolutionConfigurationPlatforms) = preSolution
		Debug|Any CPU = Debug|Any CPU
		Release|Any CPU = Release|Any CPU
	EndGlobalSection
	GlobalSection(ProjectConfigurationPlatforms) = postSolution
		{72D335B2-A672-4348-8BA2-29173E5ADF45}.Debug|Any CPU.ActiveCfg = Debug|Any CPU
		{72D335B2-A672-4348-8BA2-29173E5ADF45}.Debug|Any CPU.Build.0 = Debug|Any CPU
		{72D335B2-A672-4348-8BA2-29173E5ADF45}.Release|Any CPU.ActiveCfg = Release|Any CPU
		{72D335B2-A672-4348-8BA2-29173E5ADF45}.Release|Any CPU.Build.0 = Release|Any CPU
		{0E4F3E7A-86D0-425F-A4F7-357F841B5F29}.Debug|Any CPU.ActiveCfg = Debug|Any CPU
		{0E4F3E7A-86D0-425F-A4F7-357F841B5F29}.Debug|Any CPU.Build.0 = Debug|Any CPU
		{0E4F3E7A-86D0-425F-A4F7-357F841B5F29}.Release|Any CPU.ActiveCfg = Release|Any CPU
		{0E4F3E7A-86D0-425F-A4F7-357F841B5F29}.Release|Any CPU.Build.0 = Release|Any CPU
		{4054199A-7DC0-4CAB-9AC2-172503BA8BA6}.Debug|Any CPU.ActiveCfg = Debug|Any CPU
		{4054199A-7DC0-4CAB-9AC2-172503BA8BA6}.Debug|Any CPU.Build.0 = Debug|Any CPU
		{4054199A-7DC0-4CAB-9AC2-172503BA8BA6}.Release|Any CPU.ActiveCfg = Release|Any CPU
		{4054199A-7DC0-4CAB-9AC2-172503BA8BA6}.Release|Any CPU.Build.0 = Release|Any CPU
	EndGlobalSection
	GlobalSection(SolutionProperties) = preSolution
		HideSolutionNode = FALSE
	EndGlobalSection
	GlobalSection(ExtensibilityGlobals) = postSolution
		SolutionGuid = {86A155BB-A225-4A90-9DAD-C1FE8DC4C80B}
	EndGlobalSection
EndGlobal
